PODS:
  - Alamofire (5.2.2)
  - Kingfisher/Core (5.15.0)
  - Kingfisher/SwiftUI (5.15.0):
    - Kingfisher/Core
  - Moya (14.0.0):
    - Moya/Core (= 14.0.0)
  - Moya/Core (14.0.0):
    - Alamofire (~> 5.0)

DEPENDENCIES:
  - Kingfisher/SwiftUI
  - Moya

SPEC REPOS:
  trunk:
    - Alamofire
    - Kingfisher
    - Moya

SPEC CHECKSUMS:
  Alamofire: 814429acc853c6c54ff123fc3d2ef66803823ce0
  Kingfisher: 1acb67597a520c2d0310677e66d6e0af455ef757
  Moya: 5b45dacb75adb009f97fde91c204c1e565d31916

PODFILE CHECKSUM: 272572e11e3c3f410b529bc8a8d35c83f152f710

COCOAPODS: 1.9.3
